// !$*UTF8*$!
{
	archiveVersion = 1;
	classes = {
	};
	objectVersion = 46;
	objects = {

/* Begin PBXBuildFile section */
		FD1E3C651F5273020035C655 /* AppDelegate.swift in Sources */ = {isa = PBXBuildFile; fileRef = FD1E3C641F5273020035C655 /* AppDelegate.swift */; };
		FD1E3C671F5273020035C655 /* ViewController.swift in Sources */ = {isa = PBXBuildFile; fileRef = FD1E3C661F5273020035C655 /* ViewController.swift */; };
		FD1E3C6A1F5273020035C655 /* Main.storyboard in Resources */ = {isa = PBXBuildFile; fileRef = FD1E3C681F5273020035C655 /* Main.storyboard */; };
		FD1E3C6C1F5273020035C655 /* Assets.xcassets in Resources */ = {isa = PBXBuildFile; fileRef = FD1E3C6B1F5273020035C655 /* Assets.xcassets */; };
		FD1E3C6F1F5273020035C655 /* LaunchScreen.storyboard in Resources */ = {isa = PBXBuildFile; fileRef = FD1E3C6D1F5273020035C655 /* LaunchScreen.storyboard */; };
		FD1E3C771F5274370035C655 /* ViewController2.swift in Sources */ = {isa = PBXBuildFile; fileRef = FD1E3C761F5274370035C655 /* ViewController2.swift */; };
/* End PBXBuildFile section */

/* Begin PBXFileReference section */
		FD1E3C611F5273010035C655 /* MultipleScreen.app */ = {isa = PBXFileReference; explicitFileType = wrapper.application; includeInIndex = 0; path = MultipleScreen.app; sourceTree = BUILT_PRODUCTS_DIR; };
		FD1E3C641F5273020035C655 /* AppDelegate.swift */ = {isa = PBXFileReference; lastKnownFileType = sourcecode.swift; path = AppDelegate.swift; sourceTree = "<group>"; };
		FD1E3C661F5273020035C655 /* ViewController.swift */ = {isa = PBXFileReference; lastKnownFileType = sourcecode.swift; path = ViewController.swift; sourceTree = "<group>"; };
		FD1E3C691F5273020035C655 /* Base */ = {isa = PBXFileReference; lastKnownFileType = file.storyboard; name = Base; path = Base.lproj/Main.storyboard; sourceTree = "<group>"; };
		FD1E3C6B1F5273020035C655 /* Assets.xcassets */ = {isa = PBXFileReference; lastKnownFileType = folder.assetcatalog; path = Assets.xcassets; sourceTree = "<group>"; };
		FD1E3C6E1F5273020035C655 /* Base */ = {isa = PBXFileReference; lastKnownFileType = file.storyboard; name = Base; path = Base.lproj/LaunchScreen.storyboard; sourceTree = "<group>"; };
		FD1E3C701F5273020035C655 /* Info.plist */ = {isa = PBXFileReference; lastKnownFileType = text.plist.xml; path = Info.plist; sourceTree = "<group>"; };
		FD1E3C761F5274370035C655 /* ViewController2.swift */ = {isa = PBXFileReference; fileEncoding = 4; lastKnownFileType = sourcecode.swift; path = ViewController2.swift; sourceTree = "<group>"; };
/* End PBXFileReference section */

/* Begin PBXFrameworksBuildPhase section */
		FD1E3C5E1F5273010035C655 /* Frameworks */ = {
			isa = PBXFrameworksBuildPhase;
			buildActionMask = 2147483647;
			files = (
			);
			runOnlyForDeploymentPostprocessing = 0;
		};
/* End PBXFrameworksBuildPhase section */

/* Begin PBXGroup section */
		FD1E3C581F5273010035C655 = {
			isa = PBXGroup;
			children = (
				FD1E3C631F5273010035C655 /* MultipleScreen */,
				FD1E3C621F5273010035C655 /* Products */,
			);
			sourceTree = "<group>";
		};
		FD1E3C621F5273010035C655 /* Products */ = {
			isa = PBXGroup;
			children = (
				FD1E3C611F5273010035C655 /* MultipleScreen.app */,
			);
			name = Products;
			sourceTree = "<group>";
		};
		FD1E3C631F5273010035C655 /* MultipleScreen */ = {
			isa = PBXGroup;
			children = (
				FD1E3C641F5273020035C655 /* AppDelegate.swift */,
				FD1E3C661F5273020035C655 /* ViewController.swift */,
				FD1E3C681F5273020035C655 /* Main.storyboard */,
				FD1E3C6B1F5273020035C655 /* Assets.xcassets */,
				FD1E3C6D1F5273020035C655 /* LaunchScreen.storyboard */,
				FD1E3C701F5273020035C655 /* Info.plist */,
				FD1E3C761F5274370035C655 /* ViewController2.swift */,
			);
			path = MultipleScreen;
			sourceTree = "<group>";
		};
/* End PBXGroup section */

/* Begin PBXNativeTarget section */
		FD1E3C601F5273010035C655 /* MultipleScreen */ = {
			isa = PBXNativeTarget;
			buildConfigurationList = FD1E3C731F5273020035C655 /* Build configuration list for PBXNativeTarget "MultipleScreen" */;
			buildPhases = (
				FD1E3C5D1F5273010035C655 /* Sources */,
				FD1E3C5E1F5273010035C655 /* Frameworks */,
				FD1E3C5F1F5273010035C655 /* Resources */,
			);
			buildRules = (
			);
			dependencies = (
			);
			name = MultipleScreen;
			productName = MultipleScreen;
			productReference = FD1E3C611F5273010035C655 /* MultipleScreen.app */;
			productType = "com.apple.product-type.application";
		};
/* End PBXNativeTarget section */

/* Begin PBXProject section */
		FD1E3C591F5273010035C655 /* Project object */ = {
			isa = PBXProject;
			attributes = {
				LastSwiftUpdateCheck = 0830;
				LastUpgradeCheck = 0830;
				ORGANIZATIONNAME = ldkien;
				TargetAttributes = {
					FD1E3C601F5273010035C655 = {
						CreatedOnToolsVersion = 8.3.3;
						ProvisioningStyle = Automatic;
					};
				};
			};
			buildConfigurationList = FD1E3C5C1F5273010035C655 /* Build configuration list for PBXProject "MultipleScreen" */;
			compatibilityVersion = "Xcode 3.2";
			developmentRegion = English;
			hasScannedForEncodings = 0;
			knownRegions = (
				en,
				Base,
			);
			mainGroup = FD1E3C581F5273010035C655;
			productRefGroup = FD1E3C621F5273010035C655 /* Products */;
			projectDirPath = "";
			projectRoot = "";
			targets = (
				FD1E3C601F5273010035C655 /* MultipleScreen */,
			);
		};
/* End PBXProject section */

/* Begin PBXResourcesBuildPhase section */
		FD1E3C5F1F5273010035C655 /* Resources */ = {
			isa = PBXResourcesBuildPhase;
			buildActionMask = 2147483647;
			files = (
				FD1E3C6F1F5273020035C655 /* LaunchScreen.storyboard in Resources */,
				FD1E3C6C1F5273020035C655 /* Assets.xcassets in Resources */,
				FD1E3C6A1F5273020035C655 /* Main.storyboard in Resources */,
			);
			runOnlyForDeploymentPostprocessing = 0;
		};
/* End PBXResourcesBuildPhase section */

/* Begin PBXSourcesBuildPhase section */
		FD1E3C5D1F5273010035C655 /* Sources */ = {
			isa = PBXSourcesBuildPhase;
			buildActionMask = 2147483647;
			files = (
				FD1E3C671F5273020035C655 /* ViewController.swift in Sources */,
				FD1E3C651F5273020035C655 /* AppDelegate.swift in Sources */,
				FD1E3C771F5274370035C655 /* ViewController2.swift in Sources */,
			);
			runOnlyForDeploymentPostprocessing = 0;
		};
/* End PBXSourcesBuildPhase section */

/* Begin PBXVariantGroup section */
		FD1E3C681F5273020035C655 /* Main.storyboard */ = {
			isa = PBXVariantGroup;
			children = (
				FD1E3C691F5273020035C655 /* Base */,
			);
			name = Main.storyboard;
			sourceTree = "<group>";
		};
		FD1E3C6D1F5273020035C655 /* LaunchScreen.storyboard */ = {
			isa = PBXVariantGroup;
			children = (
				FD1E3C6E1F5273020035C655 /* Base */,
			);
			name = LaunchScreen.storyboard;
			sourceTree = "<group>";
		};
/* End PBXVariantGroup section */

/* Begin XCBuildConfiguration section */
		FD1E3C711F5273020035C655 /* Debug */ = {
			isa = XCBuildConfiguration;
			buildSettings = {
				ALWAYS_SEARCH_USER_PATHS = NO;
				CLANG_ANALYZER_NONNULL = YES;
				CLANG_ANALYZER_NUMBER_OBJECT_CONVERSION = YES_AGGRESSIVE;
				CLANG_CXX_LANGUAGE_STANDARD = "gnu++0x";
				CLANG_CXX_LIBRARY = "libc++";
				CLANG_ENABLE_MODULES = YES;
				CLANG_ENABLE_OBJC_ARC = YES;
				CLANG_WARN_BOOL_CONVERSION = YES;
				CLANG_WARN_CONSTANT_CONVERSION = YES;
				CLANG_WARN_DIRECT_OBJC_ISA_USAGE = YES_ERROR;
				CLANG_WARN_DOCUMENTATION_COMMENTS = YES;
				CLANG_WARN_EMPTY_BODY = YES;
				CLANG_WARN_ENUM_CONVERSION = YES;
				CLANG_WARN_INFINITE_RECURSION = YES;
				CLANG_WARN_INT_CONVERSION = YES;
				CLANG_WARN_OBJC_ROOT_CLASS = YES_ERROR;
				CLANG_WARN_SUSPICIOUS_MOVE = YES;
				CLANG_WARN_UNREACHABLE_CODE = YES;
				CLANG_WARN__DUPLICATE_METHOD_MATCH = YES;
				"CODE_SIGN_IDENTITY[sdk=iphoneos*]" = "iPhone Developer";
				COPY_PHASE_STRIP = NO;
				DEBUG_INFORMATION_FORMAT = dwarf;
				ENABLE_STRICT_OBJC_MSGSEND = YES;
				ENABLE_TESTABILITY = YES;
				GCC_C_LANGUAGE_STANDARD = gnu99;
				GCC_DYNAMIC_NO_PIC = NO;
				GCC_NO_COMMON_BLOCKS = YES;
				GCC_OPTIMIZATION_LEVEL = 0;
				GCC_PREPROCESSOR_DEFINITIONS = (
					"DEBUG=1",
					"$(inherited)",
				);
				GCC_WARN_64_TO_32_BIT_CONVERSION = YES;
				GCC_WARN_ABOUT_RETURN_TYPE = YES_ERROR;
				GCC_WARN_UNDECLARED_SELECTOR = YES;
				GCC_WARN_UNINITIALIZED_AUTOS = YES_AGGRESSIVE;
				GCC_WARN_UNUSED_FUNCTION = YES;
				GCC_WARN_UNUSED_VARIABLE = YES;
				IPHONEOS_DEPLOYMENT_TARGET = 10.3;
				MTL_ENABLE_DEBUG_INFO = YES;
				ONLY_ACTIVE_ARCH = YES;
				SDKROOT = iphoneos;
				SWIFT_ACTIVE_COMPILATION_CONDITIONS = DEBUG;
				SWIFT_OPTIMIZATION_LEVEL = "-Onone";
			};
			name = Debug;
		};
		FD1E3C721F5273020035C655 /* Release */ = {
			isa = XCBuildConfiguration;
			buildSettings = {
				ALWAYS_SEARCH_USER_PATHS = NO;
				CLANG_ANALYZER_NONNULL = YES;
				CLANG_ANALYZER_NUMBER_OBJECT_CONVERSION = YES_AGGRESSIVE;
				CLANG_CXX_LANGUAGE_STANDARD = "gnu++0x";
				CLANG_CXX_LIBRARY = "libc++";
				CLANG_ENABLE_MODULES = YES;
				CLANG_ENABLE_OBJC_ARC = YES;
				CLANG_WARN_BOOL_CONVERSION = YES;
				CLANG_WARN_CONSTANT_CONVERSION = YES;
				CLANG_WARN_DIRECT_OBJC_ISA_USAGE = YES_ERROR;
				CLANG_WARN_DOCUMENTATION_COMMENTS = YES;
				CLANG_WARN_EMPTY_BODY = YES;
				CLANG_WARN_ENUM_CONVERSION = YES;
				CLANG_WARN_INFINITE_RECURSION = YES;
				CLANG_WARN_INT_CONVERSION = YES;
				CLANG_WARN_OBJC_ROOT_CLASS = YES_ERROR;
				CLANG_WARN_SUSPICIOUS_MOVE = YES;
				CLANG_WARN_UNREACHABLE_CODE = YES;
				CLANG_WARN__DUPLICATE_METHOD_MATCH = YES;
				"CODE_SIGN_IDENTITY[sdk=iphoneos*]" = "iPhone Developer";
				COPY_PHASE_STRIP = NO;
				DEBUG_INFORMATION_FORMAT = "dwarf-with-dsym";
				ENABLE_NS_ASSERTIONS = NO;
				ENABLE_STRICT_OBJC_MSGSEND = YES;
				GCC_C_LANGUAGE_STANDARD = gnu99;
				GCC_NO_COMMON_BLOCKS = YES;
				GCC_WARN_64_TO_32_BIT_CONVERSION = YES;
				GCC_WARN_ABOUT_RETURN_TYPE = YES_ERROR;
				GCC_WARN_UNDECLARED_SELECTOR = YES;
				GCC_WARN_UNINITIALIZED_AUTOS = YES_AGGRESSIVE;
				GCC_WARN_UNUSED_FUNCTION = YES;
				GCC_WARN_UNUSED_VARIABLE = YES;
				IPHONEOS_DEPLOYMENT_TARGET = 10.3;
				MTL_ENABLE_DEBUG_INFO = NO;
				SDKROOT = iphoneos;
				SWIFT_OPTIMIZATION_LEVEL = "-Owholemodule";
				VALIDATE_PRODUCT = YES;
			};
			name = Release;
		};
		FD1E3C741F5273020035C655 /* Debug */ = {
			isa = XCBuildConfiguration;
			buildSettings = {
				ASSETCATALOG_COMPILER_APPICON_NAME = AppIcon;
				INFOPLIST_FILE = MultipleScreen/Info.plist;
				LD_RUNPATH_SEARCH_PATHS = "$(inherited) @executable_path/Frameworks";
				PRODUCT_BUNDLE_IDENTIFIER = ldkien.MultipleScreen;
				PRODUCT_NAME = "$(TARGET_NAME)";
				SWIFT_VERSION = 3.0;
			};
			name = Debug;
		};
		FD1E3C751F5273020035C655 /* Release */ = {
			isa = XCBuildConfiguration;
			buildSettings = {
				ASSETCATALOG_COMPILER_APPICON_NAME = AppIcon;
				INFOPLIST_FILE = MultipleScreen/Info.plist;
				LD_RUNPATH_SEARCH_PATHS = "$(inherited) @executable_path/Frameworks";
				PRODUCT_BUNDLE_IDENTIFIER = ldkien.MultipleScreen;
				PRODUCT_NAME = "$(TARGET_NAME)";
				SWIFT_VERSION = 3.0;
			};
			name = Release;
		};
/* End XCBuildConfiguration section */

/* Begin XCConfigurationList section */
		FD1E3C5C1F5273010035C655 /* Build configuration list for PBXProject "MultipleScreen" */ = {
			isa = XCConfigurationList;
			buildConfigurations = (
				FD1E3C711F5273020035C655 /* Debug */,
				FD1E3C721F5273020035C655 /* Release */,
			);
			defaultConfigurationIsVisible = 0;
			defaultConfigurationName = Release;
		};
		FD1E3C731F5273020035C655 /* Build configuration list for PBXNativeTarget "MultipleScreen" */ = {
			isa = XCConfigurationList;
			buildConfigurations = (
				FD1E3C741F5273020035C655 /* Debug */,
				FD1E3C751F5273020035C655 /* Release */,
			);
			defaultConfigurationIsVisible = 0;
		};
/* End XCConfigurationList section */
	};
	rootObject = FD1E3C591F5273010035C655 /* Project object */;
}
