// !$*UTF8*$!
{
	archiveVersion = 1;
	classes = {
	};
	objectVersion = 46;
	objects = {

/* Begin PBXBuildFile section */
		FDA115531F45D3E000A1B089 /* AppDelegate.swift in Sources */ = {isa = PBXBuildFile; fileRef = FDA115521F45D3E000A1B089 /* AppDelegate.swift */; };
		FDA115551F45D3E000A1B089 /* ViewController.swift in Sources */ = {isa = PBXBuildFile; fileRef = FDA115541F45D3E000A1B089 /* ViewController.swift */; };
		FDA115581F45D3E000A1B089 /* Main.storyboard in Resources */ = {isa = PBXBuildFile; fileRef = FDA115561F45D3E000A1B089 /* Main.storyboard */; };
		FDA1155A1F45D3E000A1B089 /* Assets.xcassets in Resources */ = {isa = PBXBuildFile; fileRef = FDA115591F45D3E000A1B089 /* Assets.xcassets */; };
		FDA1155D1F45D3E000A1B089 /* LaunchScreen.storyboard in Resources */ = {isa = PBXBuildFile; fileRef = FDA1155B1F45D3E000A1B089 /* LaunchScreen.storyboard */; };
/* End PBXBuildFile section */

/* Begin PBXFileReference section */
		FDA1154F1F45D3E000A1B089 /* NSTimer2.app */ = {isa = PBXFileReference; explicitFileType = wrapper.application; includeInIndex = 0; path = NSTimer2.app; sourceTree = BUILT_PRODUCTS_DIR; };
		FDA115521F45D3E000A1B089 /* AppDelegate.swift */ = {isa = PBXFileReference; lastKnownFileType = sourcecode.swift; path = AppDelegate.swift; sourceTree = "<group>"; };
		FDA115541F45D3E000A1B089 /* ViewController.swift */ = {isa = PBXFileReference; lastKnownFileType = sourcecode.swift; path = ViewController.swift; sourceTree = "<group>"; };
		FDA115571F45D3E000A1B089 /* Base */ = {isa = PBXFileReference; lastKnownFileType = file.storyboard; name = Base; path = Base.lproj/Main.storyboard; sourceTree = "<group>"; };
		FDA115591F45D3E000A1B089 /* Assets.xcassets */ = {isa = PBXFileReference; lastKnownFileType = folder.assetcatalog; path = Assets.xcassets; sourceTree = "<group>"; };
		FDA1155C1F45D3E000A1B089 /* Base */ = {isa = PBXFileReference; lastKnownFileType = file.storyboard; name = Base; path = Base.lproj/LaunchScreen.storyboard; sourceTree = "<group>"; };
		FDA1155E1F45D3E000A1B089 /* Info.plist */ = {isa = PBXFileReference; lastKnownFileType = text.plist.xml; path = Info.plist; sourceTree = "<group>"; };
/* End PBXFileReference section */

/* Begin PBXFrameworksBuildPhase section */
		FDA1154C1F45D3E000A1B089 /* Frameworks */ = {
			isa = PBXFrameworksBuildPhase;
			buildActionMask = 2147483647;
			files = (
			);
			runOnlyForDeploymentPostprocessing = 0;
		};
/* End PBXFrameworksBuildPhase section */

/* Begin PBXGroup section */
		FDA115461F45D3E000A1B089 = {
			isa = PBXGroup;
			children = (
				FDA115511F45D3E000A1B089 /* NSTimer2 */,
				FDA115501F45D3E000A1B089 /* Products */,
			);
			sourceTree = "<group>";
		};
		FDA115501F45D3E000A1B089 /* Products */ = {
			isa = PBXGroup;
			children = (
				FDA1154F1F45D3E000A1B089 /* NSTimer2.app */,
			);
			name = Products;
			sourceTree = "<group>";
		};
		FDA115511F45D3E000A1B089 /* NSTimer2 */ = {
			isa = PBXGroup;
			children = (
				FDA115521F45D3E000A1B089 /* AppDelegate.swift */,
				FDA115541F45D3E000A1B089 /* ViewController.swift */,
				FDA115561F45D3E000A1B089 /* Main.storyboard */,
				FDA115591F45D3E000A1B089 /* Assets.xcassets */,
				FDA1155B1F45D3E000A1B089 /* LaunchScreen.storyboard */,
				FDA1155E1F45D3E000A1B089 /* Info.plist */,
			);
			path = NSTimer2;
			sourceTree = "<group>";
		};
/* End PBXGroup section */

/* Begin PBXNativeTarget section */
		FDA1154E1F45D3E000A1B089 /* NSTimer2 */ = {
			isa = PBXNativeTarget;
			buildConfigurationList = FDA115611F45D3E000A1B089 /* Build configuration list for PBXNativeTarget "NSTimer2" */;
			buildPhases = (
				FDA1154B1F45D3E000A1B089 /* Sources */,
				FDA1154C1F45D3E000A1B089 /* Frameworks */,
				FDA1154D1F45D3E000A1B089 /* Resources */,
			);
			buildRules = (
			);
			dependencies = (
			);
			name = NSTimer2;
			productName = NSTimer2;
			productReference = FDA1154F1F45D3E000A1B089 /* NSTimer2.app */;
			productType = "com.apple.product-type.application";
		};
/* End PBXNativeTarget section */

/* Begin PBXProject section */
		FDA115471F45D3E000A1B089 /* Project object */ = {
			isa = PBXProject;
			attributes = {
				LastSwiftUpdateCheck = 0830;
				LastUpgradeCheck = 0830;
				ORGANIZATIONNAME = ldkien;
				TargetAttributes = {
					FDA1154E1F45D3E000A1B089 = {
						CreatedOnToolsVersion = 8.3.3;
						ProvisioningStyle = Automatic;
					};
				};
			};
			buildConfigurationList = FDA1154A1F45D3E000A1B089 /* Build configuration list for PBXProject "NSTimer2" */;
			compatibilityVersion = "Xcode 3.2";
			developmentRegion = English;
			hasScannedForEncodings = 0;
			knownRegions = (
				en,
				Base,
			);
			mainGroup = FDA115461F45D3E000A1B089;
			productRefGroup = FDA115501F45D3E000A1B089 /* Products */;
			projectDirPath = "";
			projectRoot = "";
			targets = (
				FDA1154E1F45D3E000A1B089 /* NSTimer2 */,
			);
		};
/* End PBXProject section */

/* Begin PBXResourcesBuildPhase section */
		FDA1154D1F45D3E000A1B089 /* Resources */ = {
			isa = PBXResourcesBuildPhase;
			buildActionMask = 2147483647;
			files = (
				FDA1155D1F45D3E000A1B089 /* LaunchScreen.storyboard in Resources */,
				FDA1155A1F45D3E000A1B089 /* Assets.xcassets in Resources */,
				FDA115581F45D3E000A1B089 /* Main.storyboard in Resources */,
			);
			runOnlyForDeploymentPostprocessing = 0;
		};
/* End PBXResourcesBuildPhase section */

/* Begin PBXSourcesBuildPhase section */
		FDA1154B1F45D3E000A1B089 /* Sources */ = {
			isa = PBXSourcesBuildPhase;
			buildActionMask = 2147483647;
			files = (
				FDA115551F45D3E000A1B089 /* ViewController.swift in Sources */,
				FDA115531F45D3E000A1B089 /* AppDelegate.swift in Sources */,
			);
			runOnlyForDeploymentPostprocessing = 0;
		};
/* End PBXSourcesBuildPhase section */

/* Begin PBXVariantGroup section */
		FDA115561F45D3E000A1B089 /* Main.storyboard */ = {
			isa = PBXVariantGroup;
			children = (
				FDA115571F45D3E000A1B089 /* Base */,
			);
			name = Main.storyboard;
			sourceTree = "<group>";
		};
		FDA1155B1F45D3E000A1B089 /* LaunchScreen.storyboard */ = {
			isa = PBXVariantGroup;
			children = (
				FDA1155C1F45D3E000A1B089 /* Base */,
			);
			name = LaunchScreen.storyboard;
			sourceTree = "<group>";
		};
/* End PBXVariantGroup section */

/* Begin XCBuildConfiguration section */
		FDA1155F1F45D3E000A1B089 /* Debug */ = {
			isa = XCBuildConfiguration;
			buildSettings = {
				ALWAYS_SEARCH_USER_PATHS = NO;
				CLANG_ANALYZER_NONNULL = YES;
				CLANG_ANALYZER_NUMBER_OBJECT_CONVERSION = YES_AGGRESSIVE;
				CLANG_CXX_LANGUAGE_STANDARD = "gnu++0x";
				CLANG_CXX_LIBRARY = "libc++";
				CLANG_ENABLE_MODULES = YES;
				CLANG_ENABLE_OBJC_ARC = YES;
				CLANG_WARN_BOOL_CONVERSION = YES;
				CLANG_WARN_CONSTANT_CONVERSION = YES;
				CLANG_WARN_DIRECT_OBJC_ISA_USAGE = YES_ERROR;
				CLANG_WARN_DOCUMENTATION_COMMENTS = YES;
				CLANG_WARN_EMPTY_BODY = YES;
				CLANG_WARN_ENUM_CONVERSION = YES;
				CLANG_WARN_INFINITE_RECURSION = YES;
				CLANG_WARN_INT_CONVERSION = YES;
				CLANG_WARN_OBJC_ROOT_CLASS = YES_ERROR;
				CLANG_WARN_SUSPICIOUS_MOVE = YES;
				CLANG_WARN_UNREACHABLE_CODE = YES;
				CLANG_WARN__DUPLICATE_METHOD_MATCH = YES;
				"CODE_SIGN_IDENTITY[sdk=iphoneos*]" = "iPhone Developer";
				COPY_PHASE_STRIP = NO;
				DEBUG_INFORMATION_FORMAT = dwarf;
				ENABLE_STRICT_OBJC_MSGSEND = YES;
				ENABLE_TESTABILITY = YES;
				GCC_C_LANGUAGE_STANDARD = gnu99;
				GCC_DYNAMIC_NO_PIC = NO;
				GCC_NO_COMMON_BLOCKS = YES;
				GCC_OPTIMIZATION_LEVEL = 0;
				GCC_PREPROCESSOR_DEFINITIONS = (
					"DEBUG=1",
					"$(inherited)",
				);
				GCC_WARN_64_TO_32_BIT_CONVERSION = YES;
				GCC_WARN_ABOUT_RETURN_TYPE = YES_ERROR;
				GCC_WARN_UNDECLARED_SELECTOR = YES;
				GCC_WARN_UNINITIALIZED_AUTOS = YES_AGGRESSIVE;
				GCC_WARN_UNUSED_FUNCTION = YES;
				GCC_WARN_UNUSED_VARIABLE = YES;
				IPHONEOS_DEPLOYMENT_TARGET = 10.3;
				MTL_ENABLE_DEBUG_INFO = YES;
				ONLY_ACTIVE_ARCH = YES;
				SDKROOT = iphoneos;
				SWIFT_ACTIVE_COMPILATION_CONDITIONS = DEBUG;
				SWIFT_OPTIMIZATION_LEVEL = "-Onone";
			};
			name = Debug;
		};
		FDA115601F45D3E000A1B089 /* Release */ = {
			isa = XCBuildConfiguration;
			buildSettings = {
				ALWAYS_SEARCH_USER_PATHS = NO;
				CLANG_ANALYZER_NONNULL = YES;
				CLANG_ANALYZER_NUMBER_OBJECT_CONVERSION = YES_AGGRESSIVE;
				CLANG_CXX_LANGUAGE_STANDARD = "gnu++0x";
				CLANG_CXX_LIBRARY = "libc++";
				CLANG_ENABLE_MODULES = YES;
				CLANG_ENABLE_OBJC_ARC = YES;
				CLANG_WARN_BOOL_CONVERSION = YES;
				CLANG_WARN_CONSTANT_CONVERSION = YES;
				CLANG_WARN_DIRECT_OBJC_ISA_USAGE = YES_ERROR;
				CLANG_WARN_DOCUMENTATION_COMMENTS = YES;
				CLANG_WARN_EMPTY_BODY = YES;
				CLANG_WARN_ENUM_CONVERSION = YES;
				CLANG_WARN_INFINITE_RECURSION = YES;
				CLANG_WARN_INT_CONVERSION = YES;
				CLANG_WARN_OBJC_ROOT_CLASS = YES_ERROR;
				CLANG_WARN_SUSPICIOUS_MOVE = YES;
				CLANG_WARN_UNREACHABLE_CODE = YES;
				CLANG_WARN__DUPLICATE_METHOD_MATCH = YES;
				"CODE_SIGN_IDENTITY[sdk=iphoneos*]" = "iPhone Developer";
				COPY_PHASE_STRIP = NO;
				DEBUG_INFORMATION_FORMAT = "dwarf-with-dsym";
				ENABLE_NS_ASSERTIONS = NO;
				ENABLE_STRICT_OBJC_MSGSEND = YES;
				GCC_C_LANGUAGE_STANDARD = gnu99;
				GCC_NO_COMMON_BLOCKS = YES;
				GCC_WARN_64_TO_32_BIT_CONVERSION = YES;
				GCC_WARN_ABOUT_RETURN_TYPE = YES_ERROR;
				GCC_WARN_UNDECLARED_SELECTOR = YES;
				GCC_WARN_UNINITIALIZED_AUTOS = YES_AGGRESSIVE;
				GCC_WARN_UNUSED_FUNCTION = YES;
				GCC_WARN_UNUSED_VARIABLE = YES;
				IPHONEOS_DEPLOYMENT_TARGET = 10.3;
				MTL_ENABLE_DEBUG_INFO = NO;
				SDKROOT = iphoneos;
				SWIFT_OPTIMIZATION_LEVEL = "-Owholemodule";
				VALIDATE_PRODUCT = YES;
			};
			name = Release;
		};
		FDA115621F45D3E000A1B089 /* Debug */ = {
			isa = XCBuildConfiguration;
			buildSettings = {
				ASSETCATALOG_COMPILER_APPICON_NAME = AppIcon;
				INFOPLIST_FILE = NSTimer2/Info.plist;
				LD_RUNPATH_SEARCH_PATHS = "$(inherited) @executable_path/Frameworks";
				PRODUCT_BUNDLE_IDENTIFIER = ldkien.NSTimer2;
				PRODUCT_NAME = "$(TARGET_NAME)";
				SWIFT_VERSION = 3.0;
			};
			name = Debug;
		};
		FDA115631F45D3E000A1B089 /* Release */ = {
			isa = XCBuildConfiguration;
			buildSettings = {
				ASSETCATALOG_COMPILER_APPICON_NAME = AppIcon;
				INFOPLIST_FILE = NSTimer2/Info.plist;
				LD_RUNPATH_SEARCH_PATHS = "$(inherited) @executable_path/Frameworks";
				PRODUCT_BUNDLE_IDENTIFIER = ldkien.NSTimer2;
				PRODUCT_NAME = "$(TARGET_NAME)";
				SWIFT_VERSION = 3.0;
			};
			name = Release;
		};
/* End XCBuildConfiguration section */

/* Begin XCConfigurationList section */
		FDA1154A1F45D3E000A1B089 /* Build configuration list for PBXProject "NSTimer2" */ = {
			isa = XCConfigurationList;
			buildConfigurations = (
				FDA1155F1F45D3E000A1B089 /* Debug */,
				FDA115601F45D3E000A1B089 /* Release */,
			);
			defaultConfigurationIsVisible = 0;
			defaultConfigurationName = Release;
		};
		FDA115611F45D3E000A1B089 /* Build configuration list for PBXNativeTarget "NSTimer2" */ = {
			isa = XCConfigurationList;
			buildConfigurations = (
				FDA115621F45D3E000A1B089 /* Debug */,
				FDA115631F45D3E000A1B089 /* Release */,
			);
			defaultConfigurationIsVisible = 0;
		};
/* End XCConfigurationList section */
	};
	rootObject = FDA115471F45D3E000A1B089 /* Project object */;
}
